
Microsoft Visual Studio Solution File, Format Version 12.00
# Visual Studio Version 17
VisualStudioVersion = 17.5.002.0
MinimumVisualStudioVersion = 10.0.40219.1
Project("{9A19103F-16F7-4668-BE54-9A1E7A4F7556}") = "mis321-pa4-casherman3-new", "mis321-pa4-casherman3-new.csproj", "{E1E76D98-8FF2-488B-B7CC-2B953DF38E08}"
EndProject
Global
	GlobalSection(SolutionConfigurationPlatforms) = preSolution
		Debug|Any CPU = Debug|Any CPU
		Release|Any CPU = Release|Any CPU
	EndGlobalSection
	GlobalSection(ProjectConfigurationPlatforms) = postSolution
		{E1E76D98-8FF2-488B-B7CC-2B953DF38E08}.Debug|Any CPU.ActiveCfg = Debug|Any CPU
		{E1E76D98-8FF2-488B-B7CC-2B953DF38E08}.Debug|Any CPU.Build.0 = Debug|Any CPU
		{E1E76D98-8FF2-488B-B7CC-2B953DF38E08}.Release|Any CPU.ActiveCfg = Release|Any CPU
		{E1E76D98-8FF2-488B-B7CC-2B953DF38E08}.Release|Any CPU.Build.0 = Release|Any CPU
	EndGlobalSection
	GlobalSection(SolutionProperties) = preSolution
		HideSolutionNode = FALSE
	EndGlobalSection
	GlobalSection(ExtensibilityGlobals) = postSolution
		SolutionGuid = {5A80ACE7-7A21-4879-949A-2565FDFCB835}
	EndGlobalSection
EndGlobal
